// !$*UTF8*$!
{
	archiveVersion = 1;
	classes = {
	};
	objectVersion = 50;
	objects = {

/* Begin PBXBuildFile section */
		60A0446A23105FB100961CB3 /* AppDelegate.swift in Sources */ = {isa = PBXBuildFile; fileRef = 60A0446923105FB100961CB3 /* AppDelegate.swift */; };
		60A0446C23105FB100961CB3 /* ViewController.swift in Sources */ = {isa = PBXBuildFile; fileRef = 60A0446B23105FB100961CB3 /* ViewController.swift */; };
		60A0446F23105FB100961CB3 /* Main.storyboard in Resources */ = {isa = PBXBuildFile; fileRef = 60A0446D23105FB100961CB3 /* Main.storyboard */; };
		60A0447223105FB100961CB3 /* Bhartiya_Samvidhan.xcdatamodeld in Sources */ = {isa = PBXBuildFile; fileRef = 60A0447023105FB100961CB3 /* Bhartiya_Samvidhan.xcdatamodeld */; };
		60A0447423105FB300961CB3 /* Assets.xcassets in Resources */ = {isa = PBXBuildFile; fileRef = 60A0447323105FB300961CB3 /* Assets.xcassets */; };
		60A0447723105FB300961CB3 /* LaunchScreen.storyboard in Resources */ = {isa = PBXBuildFile; fileRef = 60A0447523105FB300961CB3 /* LaunchScreen.storyboard */; };
		60A0447F231060BF00961CB3 /* PartListViewController.swift in Sources */ = {isa = PBXBuildFile; fileRef = 60A0447E231060BF00961CB3 /* PartListViewController.swift */; };
		60A044812310787400961CB3 /* ArticleListViewController.swift in Sources */ = {isa = PBXBuildFile; fileRef = 60A044802310787400961CB3 /* ArticleListViewController.swift */; };
		60A0448323107ACE00961CB3 /* ArticleDetailsViewController.swift in Sources */ = {isa = PBXBuildFile; fileRef = 60A0448223107ACE00961CB3 /* ArticleDetailsViewController.swift */; };
		60B925F8231194E4009B11A4 /* PartViewCell.swift in Sources */ = {isa = PBXBuildFile; fileRef = 60B925F6231194E4009B11A4 /* PartViewCell.swift */; };
		60B925F9231194E4009B11A4 /* PartViewCell.xib in Resources */ = {isa = PBXBuildFile; fileRef = 60B925F7231194E4009B11A4 /* PartViewCell.xib */; };
		60B925FD2311AF9C009B11A4 /* ArticleListViewCell.swift in Sources */ = {isa = PBXBuildFile; fileRef = 60B925FB2311AF9B009B11A4 /* ArticleListViewCell.swift */; };
		60B925FE2311AF9C009B11A4 /* ArticleListViewCell.xib in Resources */ = {isa = PBXBuildFile; fileRef = 60B925FC2311AF9C009B11A4 /* ArticleListViewCell.xib */; };
/* End PBXBuildFile section */

/* Begin PBXFileReference section */
		60A0446623105FB100961CB3 /* Bhartiya Samvidhan.app */ = {isa = PBXFileReference; explicitFileType = wrapper.application; includeInIndex = 0; path = "Bhartiya Samvidhan.app"; sourceTree = BUILT_PRODUCTS_DIR; };
		60A0446923105FB100961CB3 /* AppDelegate.swift */ = {isa = PBXFileReference; lastKnownFileType = sourcecode.swift; path = AppDelegate.swift; sourceTree = "<group>"; };
		60A0446B23105FB100961CB3 /* ViewController.swift */ = {isa = PBXFileReference; lastKnownFileType = sourcecode.swift; path = ViewController.swift; sourceTree = "<group>"; };
		60A0446E23105FB100961CB3 /* Base */ = {isa = PBXFileReference; lastKnownFileType = file.storyboard; name = Base; path = Base.lproj/Main.storyboard; sourceTree = "<group>"; };
		60A0447123105FB100961CB3 /* Bhartiya_Samvidhan.xcdatamodel */ = {isa = PBXFileReference; lastKnownFileType = wrapper.xcdatamodel; path = Bhartiya_Samvidhan.xcdatamodel; sourceTree = "<group>"; };
		60A0447323105FB300961CB3 /* Assets.xcassets */ = {isa = PBXFileReference; lastKnownFileType = folder.assetcatalog; path = Assets.xcassets; sourceTree = "<group>"; };
		60A0447623105FB300961CB3 /* Base */ = {isa = PBXFileReference; lastKnownFileType = file.storyboard; name = Base; path = Base.lproj/LaunchScreen.storyboard; sourceTree = "<group>"; };
		60A0447823105FB300961CB3 /* Info.plist */ = {isa = PBXFileReference; lastKnownFileType = text.plist.xml; path = Info.plist; sourceTree = "<group>"; };
		60A0447E231060BF00961CB3 /* PartListViewController.swift */ = {isa = PBXFileReference; lastKnownFileType = sourcecode.swift; path = PartListViewController.swift; sourceTree = "<group>"; };
		60A044802310787400961CB3 /* ArticleListViewController.swift */ = {isa = PBXFileReference; lastKnownFileType = sourcecode.swift; path = ArticleListViewController.swift; sourceTree = "<group>"; };
		60A0448223107ACE00961CB3 /* ArticleDetailsViewController.swift */ = {isa = PBXFileReference; lastKnownFileType = sourcecode.swift; path = ArticleDetailsViewController.swift; sourceTree = "<group>"; };
		60B925F6231194E4009B11A4 /* PartViewCell.swift */ = {isa = PBXFileReference; lastKnownFileType = sourcecode.swift; path = PartViewCell.swift; sourceTree = "<group>"; };
		60B925F7231194E4009B11A4 /* PartViewCell.xib */ = {isa = PBXFileReference; lastKnownFileType = file.xib; path = PartViewCell.xib; sourceTree = "<group>"; };
		60B925FB2311AF9B009B11A4 /* ArticleListViewCell.swift */ = {isa = PBXFileReference; lastKnownFileType = sourcecode.swift; path = ArticleListViewCell.swift; sourceTree = "<group>"; };
		60B925FC2311AF9C009B11A4 /* ArticleListViewCell.xib */ = {isa = PBXFileReference; lastKnownFileType = file.xib; path = ArticleListViewCell.xib; sourceTree = "<group>"; };
/* End PBXFileReference section */

/* Begin PBXFrameworksBuildPhase section */
		60A0446323105FB100961CB3 /* Frameworks */ = {
			isa = PBXFrameworksBuildPhase;
			buildActionMask = 2147483647;
			files = (
			);
			runOnlyForDeploymentPostprocessing = 0;
		};
/* End PBXFrameworksBuildPhase section */

/* Begin PBXGroup section */
		60A0445D23105FB100961CB3 = {
			isa = PBXGroup;
			children = (
				60A0446823105FB100961CB3 /* Bhartiya Samvidhan */,
				60A0446723105FB100961CB3 /* Products */,
			);
			sourceTree = "<group>";
		};
		60A0446723105FB100961CB3 /* Products */ = {
			isa = PBXGroup;
			children = (
				60A0446623105FB100961CB3 /* Bhartiya Samvidhan.app */,
			);
			name = Products;
			sourceTree = "<group>";
		};
		60A0446823105FB100961CB3 /* Bhartiya Samvidhan */ = {
			isa = PBXGroup;
			children = (
				60B926012311BEEB009B11A4 /* AppDelegate */,
				60B926002311BEE1009B11A4 /* Home */,
				60B925FA2311AF68009B11A4 /* Part */,
				60B925FF2311B3E2009B11A4 /* Article */,
				60A0448223107ACE00961CB3 /* ArticleDetailsViewController.swift */,
				60A0446D23105FB100961CB3 /* Main.storyboard */,
				60A0447323105FB300961CB3 /* Assets.xcassets */,
				60A0447523105FB300961CB3 /* LaunchScreen.storyboard */,
				60A0447823105FB300961CB3 /* Info.plist */,
				60A0447023105FB100961CB3 /* Bhartiya_Samvidhan.xcdatamodeld */,
			);
			path = "Bhartiya Samvidhan";
			sourceTree = "<group>";
		};
		60B925FA2311AF68009B11A4 /* Part */ = {
			isa = PBXGroup;
			children = (
				60A0447E231060BF00961CB3 /* PartListViewController.swift */,
				60B925F6231194E4009B11A4 /* PartViewCell.swift */,
				60B925F7231194E4009B11A4 /* PartViewCell.xib */,
			);
			path = Part;
			sourceTree = "<group>";
		};
		60B925FF2311B3E2009B11A4 /* Article */ = {
			isa = PBXGroup;
			children = (
				60A044802310787400961CB3 /* ArticleListViewController.swift */,
				60B925FB2311AF9B009B11A4 /* ArticleListViewCell.swift */,
				60B925FC2311AF9C009B11A4 /* ArticleListViewCell.xib */,
			);
			path = Article;
			sourceTree = "<group>";
		};
		60B926002311BEE1009B11A4 /* Home */ = {
			isa = PBXGroup;
			children = (
				60A0446B23105FB100961CB3 /* ViewController.swift */,
			);
			path = Home;
			sourceTree = "<group>";
		};
		60B926012311BEEB009B11A4 /* AppDelegate */ = {
			isa = PBXGroup;
			children = (
				60A0446923105FB100961CB3 /* AppDelegate.swift */,
			);
			path = AppDelegate;
			sourceTree = "<group>";
		};
/* End PBXGroup section */

/* Begin PBXNativeTarget section */
		60A0446523105FB100961CB3 /* Bhartiya Samvidhan */ = {
			isa = PBXNativeTarget;
			buildConfigurationList = 60A0447B23105FB300961CB3 /* Build configuration list for PBXNativeTarget "Bhartiya Samvidhan" */;
			buildPhases = (
				60A0446223105FB100961CB3 /* Sources */,
				60A0446323105FB100961CB3 /* Frameworks */,
				60A0446423105FB100961CB3 /* Resources */,
			);
			buildRules = (
			);
			dependencies = (
			);
			name = "Bhartiya Samvidhan";
			productName = "Bhartiya Samvidhan";
			productReference = 60A0446623105FB100961CB3 /* Bhartiya Samvidhan.app */;
			productType = "com.apple.product-type.application";
		};
/* End PBXNativeTarget section */

/* Begin PBXProject section */
		60A0445E23105FB100961CB3 /* Project object */ = {
			isa = PBXProject;
			attributes = {
				LastSwiftUpdateCheck = 1020;
				LastUpgradeCheck = 1020;
				ORGANIZATIONNAME = "RDC Innovations Pvt Ltd";
				TargetAttributes = {
					60A0446523105FB100961CB3 = {
						CreatedOnToolsVersion = 10.2;
					};
				};
			};
			buildConfigurationList = 60A0446123105FB100961CB3 /* Build configuration list for PBXProject "Bhartiya Samvidhan" */;
			compatibilityVersion = "Xcode 9.3";
			developmentRegion = en;
			hasScannedForEncodings = 0;
			knownRegions = (
				en,
				Base,
			);
			mainGroup = 60A0445D23105FB100961CB3;
			productRefGroup = 60A0446723105FB100961CB3 /* Products */;
			projectDirPath = "";
			projectRoot = "";
			targets = (
				60A0446523105FB100961CB3 /* Bhartiya Samvidhan */,
			);
		};
/* End PBXProject section */

/* Begin PBXResourcesBuildPhase section */
		60A0446423105FB100961CB3 /* Resources */ = {
			isa = PBXResourcesBuildPhase;
			buildActionMask = 2147483647;
			files = (
				60A0447723105FB300961CB3 /* LaunchScreen.storyboard in Resources */,
				60A0447423105FB300961CB3 /* Assets.xcassets in Resources */,
				60B925FE2311AF9C009B11A4 /* ArticleListViewCell.xib in Resources */,
				60A0446F23105FB100961CB3 /* Main.storyboard in Resources */,
				60B925F9231194E4009B11A4 /* PartViewCell.xib in Resources */,
			);
			runOnlyForDeploymentPostprocessing = 0;
		};
/* End PBXResourcesBuildPhase section */

/* Begin PBXSourcesBuildPhase section */
		60A0446223105FB100961CB3 /* Sources */ = {
			isa = PBXSourcesBuildPhase;
			buildActionMask = 2147483647;
			files = (
				60A0447223105FB100961CB3 /* Bhartiya_Samvidhan.xcdatamodeld in Sources */,
				60B925F8231194E4009B11A4 /* PartViewCell.swift in Sources */,
				60A0447F231060BF00961CB3 /* PartListViewController.swift in Sources */,
				60A0448323107ACE00961CB3 /* ArticleDetailsViewController.swift in Sources */,
				60A044812310787400961CB3 /* ArticleListViewController.swift in Sources */,
				60A0446C23105FB100961CB3 /* ViewController.swift in Sources */,
				60A0446A23105FB100961CB3 /* AppDelegate.swift in Sources */,
				60B925FD2311AF9C009B11A4 /* ArticleListViewCell.swift in Sources */,
			);
			runOnlyForDeploymentPostprocessing = 0;
		};
/* End PBXSourcesBuildPhase section */

/* Begin PBXVariantGroup section */
		60A0446D23105FB100961CB3 /* Main.storyboard */ = {
			isa = PBXVariantGroup;
			children = (
				60A0446E23105FB100961CB3 /* Base */,
			);
			name = Main.storyboard;
			sourceTree = "<group>";
		};
		60A0447523105FB300961CB3 /* LaunchScreen.storyboard */ = {
			isa = PBXVariantGroup;
			children = (
				60A0447623105FB300961CB3 /* Base */,
			);
			name = LaunchScreen.storyboard;
			sourceTree = "<group>";
		};
/* End PBXVariantGroup section */

/* Begin XCBuildConfiguration section */
		60A0447923105FB300961CB3 /* Debug */ = {
			isa = XCBuildConfiguration;
			buildSettings = {
				ALWAYS_SEARCH_USER_PATHS = NO;
				CLANG_ANALYZER_NONNULL = YES;
				CLANG_ANALYZER_NUMBER_OBJECT_CONVERSION = YES_AGGRESSIVE;
				CLANG_CXX_LANGUAGE_STANDARD = "gnu++14";
				CLANG_CXX_LIBRARY = "libc++";
				CLANG_ENABLE_MODULES = YES;
				CLANG_ENABLE_OBJC_ARC = YES;
				CLANG_ENABLE_OBJC_WEAK = YES;
				CLANG_WARN_BLOCK_CAPTURE_AUTORELEASING = YES;
				CLANG_WARN_BOOL_CONVERSION = YES;
				CLANG_WARN_COMMA = YES;
				CLANG_WARN_CONSTANT_CONVERSION = YES;
				CLANG_WARN_DEPRECATED_OBJC_IMPLEMENTATIONS = YES;
				CLANG_WARN_DIRECT_OBJC_ISA_USAGE = YES_ERROR;
				CLANG_WARN_DOCUMENTATION_COMMENTS = YES;
				CLANG_WARN_EMPTY_BODY = YES;
				CLANG_WARN_ENUM_CONVERSION = YES;
				CLANG_WARN_INFINITE_RECURSION = YES;
				CLANG_WARN_INT_CONVERSION = YES;
				CLANG_WARN_NON_LITERAL_NULL_CONVERSION = YES;
				CLANG_WARN_OBJC_IMPLICIT_RETAIN_SELF = YES;
				CLANG_WARN_OBJC_LITERAL_CONVERSION = YES;
				CLANG_WARN_OBJC_ROOT_CLASS = YES_ERROR;
				CLANG_WARN_RANGE_LOOP_ANALYSIS = YES;
				CLANG_WARN_STRICT_PROTOTYPES = YES;
				CLANG_WARN_SUSPICIOUS_MOVE = YES;
				CLANG_WARN_UNGUARDED_AVAILABILITY = YES_AGGRESSIVE;
				CLANG_WARN_UNREACHABLE_CODE = YES;
				CLANG_WARN__DUPLICATE_METHOD_MATCH = YES;
				CODE_SIGN_IDENTITY = "iPhone Developer";
				COPY_PHASE_STRIP = NO;
				DEBUG_INFORMATION_FORMAT = dwarf;
				ENABLE_STRICT_OBJC_MSGSEND = YES;
				ENABLE_TESTABILITY = YES;
				GCC_C_LANGUAGE_STANDARD = gnu11;
				GCC_DYNAMIC_NO_PIC = NO;
				GCC_NO_COMMON_BLOCKS = YES;
				GCC_OPTIMIZATION_LEVEL = 0;
				GCC_PREPROCESSOR_DEFINITIONS = (
					"DEBUG=1",
					"$(inherited)",
				);
				GCC_WARN_64_TO_32_BIT_CONVERSION = YES;
				GCC_WARN_ABOUT_RETURN_TYPE = YES_ERROR;
				GCC_WARN_UNDECLARED_SELECTOR = YES;
				GCC_WARN_UNINITIALIZED_AUTOS = YES_AGGRESSIVE;
				GCC_WARN_UNUSED_FUNCTION = YES;
				GCC_WARN_UNUSED_VARIABLE = YES;
				IPHONEOS_DEPLOYMENT_TARGET = 12.2;
				MTL_ENABLE_DEBUG_INFO = INCLUDE_SOURCE;
				MTL_FAST_MATH = YES;
				ONLY_ACTIVE_ARCH = YES;
				SDKROOT = iphoneos;
				SWIFT_ACTIVE_COMPILATION_CONDITIONS = DEBUG;
				SWIFT_OPTIMIZATION_LEVEL = "-Onone";
			};
			name = Debug;
		};
		60A0447A23105FB300961CB3 /* Release */ = {
			isa = XCBuildConfiguration;
			buildSettings = {
				ALWAYS_SEARCH_USER_PATHS = NO;
				CLANG_ANALYZER_NONNULL = YES;
				CLANG_ANALYZER_NUMBER_OBJECT_CONVERSION = YES_AGGRESSIVE;
				CLANG_CXX_LANGUAGE_STANDARD = "gnu++14";
				CLANG_CXX_LIBRARY = "libc++";
				CLANG_ENABLE_MODULES = YES;
				CLANG_ENABLE_OBJC_ARC = YES;
				CLANG_ENABLE_OBJC_WEAK = YES;
				CLANG_WARN_BLOCK_CAPTURE_AUTORELEASING = YES;
				CLANG_WARN_BOOL_CONVERSION = YES;
				CLANG_WARN_COMMA = YES;
				CLANG_WARN_CONSTANT_CONVERSION = YES;
				CLANG_WARN_DEPRECATED_OBJC_IMPLEMENTATIONS = YES;
				CLANG_WARN_DIRECT_OBJC_ISA_USAGE = YES_ERROR;
				CLANG_WARN_DOCUMENTATION_COMMENTS = YES;
				CLANG_WARN_EMPTY_BODY = YES;
				CLANG_WARN_ENUM_CONVERSION = YES;
				CLANG_WARN_INFINITE_RECURSION = YES;
				CLANG_WARN_INT_CONVERSION = YES;
				CLANG_WARN_NON_LITERAL_NULL_CONVERSION = YES;
				CLANG_WARN_OBJC_IMPLICIT_RETAIN_SELF = YES;
				CLANG_WARN_OBJC_LITERAL_CONVERSION = YES;
				CLANG_WARN_OBJC_ROOT_CLASS = YES_ERROR;
				CLANG_WARN_RANGE_LOOP_ANALYSIS = YES;
				CLANG_WARN_STRICT_PROTOTYPES = YES;
				CLANG_WARN_SUSPICIOUS_MOVE = YES;
				CLANG_WARN_UNGUARDED_AVAILABILITY = YES_AGGRESSIVE;
				CLANG_WARN_UNREACHABLE_CODE = YES;
				CLANG_WARN__DUPLICATE_METHOD_MATCH = YES;
				CODE_SIGN_IDENTITY = "iPhone Developer";
				COPY_PHASE_STRIP = NO;
				DEBUG_INFORMATION_FORMAT = "dwarf-with-dsym";
				ENABLE_NS_ASSERTIONS = NO;
				ENABLE_STRICT_OBJC_MSGSEND = YES;
				GCC_C_LANGUAGE_STANDARD = gnu11;
				GCC_NO_COMMON_BLOCKS = YES;
				GCC_WARN_64_TO_32_BIT_CONVERSION = YES;
				GCC_WARN_ABOUT_RETURN_TYPE = YES_ERROR;
				GCC_WARN_UNDECLARED_SELECTOR = YES;
				GCC_WARN_UNINITIALIZED_AUTOS = YES_AGGRESSIVE;
				GCC_WARN_UNUSED_FUNCTION = YES;
				GCC_WARN_UNUSED_VARIABLE = YES;
				IPHONEOS_DEPLOYMENT_TARGET = 12.2;
				MTL_ENABLE_DEBUG_INFO = NO;
				MTL_FAST_MATH = YES;
				SDKROOT = iphoneos;
				SWIFT_COMPILATION_MODE = wholemodule;
				SWIFT_OPTIMIZATION_LEVEL = "-O";
				VALIDATE_PRODUCT = YES;
			};
			name = Release;
		};
		60A0447C23105FB300961CB3 /* Debug */ = {
			isa = XCBuildConfiguration;
			buildSettings = {
				ASSETCATALOG_COMPILER_APPICON_NAME = AppIcon;
				CODE_SIGN_STYLE = Automatic;
				DEVELOPMENT_TEAM = G87CHFM45D;
				INFOPLIST_FILE = "Bhartiya Samvidhan/Info.plist";
				LD_RUNPATH_SEARCH_PATHS = (
					"$(inherited)",
					"@executable_path/Frameworks",
				);
				PRODUCT_BUNDLE_IDENTIFIER = "com.rdcinnovations.Bhartiya-Samvidhan";
				PRODUCT_NAME = "$(TARGET_NAME)";
				SWIFT_VERSION = 5.0;
				TARGETED_DEVICE_FAMILY = 1;
			};
			name = Debug;
		};
		60A0447D23105FB300961CB3 /* Release */ = {
			isa = XCBuildConfiguration;
			buildSettings = {
				ASSETCATALOG_COMPILER_APPICON_NAME = AppIcon;
				CODE_SIGN_STYLE = Automatic;
				DEVELOPMENT_TEAM = G87CHFM45D;
				INFOPLIST_FILE = "Bhartiya Samvidhan/Info.plist";
				LD_RUNPATH_SEARCH_PATHS = (
					"$(inherited)",
					"@executable_path/Frameworks",
				);
				PRODUCT_BUNDLE_IDENTIFIER = "com.rdcinnovations.Bhartiya-Samvidhan";
				PRODUCT_NAME = "$(TARGET_NAME)";
				SWIFT_VERSION = 5.0;
				TARGETED_DEVICE_FAMILY = 1;
			};
			name = Release;
		};
/* End XCBuildConfiguration section */

/* Begin XCConfigurationList section */
		60A0446123105FB100961CB3 /* Build configuration list for PBXProject "Bhartiya Samvidhan" */ = {
			isa = XCConfigurationList;
			buildConfigurations = (
				60A0447923105FB300961CB3 /* Debug */,
				60A0447A23105FB300961CB3 /* Release */,
			);
			defaultConfigurationIsVisible = 0;
			defaultConfigurationName = Release;
		};
		60A0447B23105FB300961CB3 /* Build configuration list for PBXNativeTarget "Bhartiya Samvidhan" */ = {
			isa = XCConfigurationList;
			buildConfigurations = (
				60A0447C23105FB300961CB3 /* Debug */,
				60A0447D23105FB300961CB3 /* Release */,
			);
			defaultConfigurationIsVisible = 0;
			defaultConfigurationName = Release;
		};
/* End XCConfigurationList section */

/* Begin XCVersionGroup section */
		60A0447023105FB100961CB3 /* Bhartiya_Samvidhan.xcdatamodeld */ = {
			isa = XCVersionGroup;
			children = (
				60A0447123105FB100961CB3 /* Bhartiya_Samvidhan.xcdatamodel */,
			);
			currentVersion = 60A0447123105FB100961CB3 /* Bhartiya_Samvidhan.xcdatamodel */;
			path = Bhartiya_Samvidhan.xcdatamodeld;
			sourceTree = "<group>";
			versionGroupType = wrapper.xcdatamodel;
		};
/* End XCVersionGroup section */
	};
	rootObject = 60A0445E23105FB100961CB3 /* Project object */;
}
